
Microsoft Visual Studio Solution File, Format Version 12.00
# Visual Studio 15
VisualStudioVersion = 15.0.27428.2027
MinimumVisualStudioVersion = 10.0.40219.1
Project("{FAE04EC0-301F-11D3-BF4B-00C04F79EFBC}") = "swop", "swop\swop.csproj", "{50CFC32D-47F9-46A9-94DB-8CC4397B5C6E}"
EndProject
Global
	GlobalSection(SolutionConfigurationPlatforms) = preSolution
		Debug|Any CPU = Debug|Any CPU
		Release|Any CPU = Release|Any CPU
	EndGlobalSection
	GlobalSection(ProjectConfigurationPlatforms) = postSolution
		{50CFC32D-47F9-46A9-94DB-8CC4397B5C6E}.Debug|Any CPU.ActiveCfg = Debug|Any CPU
		{50CFC32D-47F9-46A9-94DB-8CC4397B5C6E}.Debug|Any CPU.Build.0 = Debug|Any CPU
		{50CFC32D-47F9-46A9-94DB-8CC4397B5C6E}.Release|Any CPU.ActiveCfg = Release|Any CPU
		{50CFC32D-47F9-46A9-94DB-8CC4397B5C6E}.Release|Any CPU.Build.0 = Release|Any CPU
	EndGlobalSection
	GlobalSection(SolutionProperties) = preSolution
		HideSolutionNode = FALSE
	EndGlobalSection
	GlobalSection(ExtensibilityGlobals) = postSolution
		SolutionGuid = {BD4575CE-0672-4550-93C5-86E2B2CC2BDA}
	EndGlobalSection
EndGlobal
